
Microsoft Visual Studio Solution File, Format Version 12.00
Project("{FAE04EC0-301F-11D3-BF4B-00C04F79EFBC}") = "WynnicTranslator", "WynnicTranslator.csproj", "{121DBE5D-EA7E-4C4C-BD60-8C61C6B0A3CE}"
EndProject
Global
	GlobalSection(SolutionConfigurationPlatforms) = preSolution
		Debug|Any CPU = Debug|Any CPU
		Release|Any CPU = Release|Any CPU
	EndGlobalSection
	GlobalSection(ProjectConfigurationPlatforms) = postSolution
		{121DBE5D-EA7E-4C4C-BD60-8C61C6B0A3CE}.Debug|Any CPU.ActiveCfg = Debug|Any CPU
		{121DBE5D-EA7E-4C4C-BD60-8C61C6B0A3CE}.Debug|Any CPU.Build.0 = Debug|Any CPU
		{121DBE5D-EA7E-4C4C-BD60-8C61C6B0A3CE}.Release|Any CPU.ActiveCfg = Release|Any CPU
		{121DBE5D-EA7E-4C4C-BD60-8C61C6B0A3CE}.Release|Any CPU.Build.0 = Release|Any CPU
	EndGlobalSection
EndGlobal
